
Microsoft Visual Studio Solution File, Format Version 12.00
# Visual Studio 15
VisualStudioVersion = 15.0.26430.16
MinimumVisualStudioVersion = 10.0.40219.1
Project("{8BC9CEB8-8B4A-11D0-8D11-00A0C91BC942}") = "BasicX", "BasicX\BasicX.vcxproj", "{E745E25C-0143-42AC-A486-1395A4C972AE}"
EndProject
Project("{2150E333-8FDC-42A3-9474-1A3956D46DE8}") = "Project", "Project", "{5D1FB011-A2D8-4107-890B-BF1ACD0C0994}"
EndProject
Project("{8BC9CEB8-8B4A-11D0-8D11-00A0C91BC942}") = "Project Base", "A05 - SAT\A05 - SAT.vcxproj", "{413BF597-600A-43A8-8A82-CB60E2DCDD95}"
EndProject
Global
	GlobalSection(SolutionConfigurationPlatforms) = preSolution
		Debug|x64 = Debug|x64
		Debug|x86 = Debug|x86
		Release|x64 = Release|x64
		Release|x86 = Release|x86
	EndGlobalSection
	GlobalSection(ProjectConfigurationPlatforms) = postSolution
		{E745E25C-0143-42AC-A486-1395A4C972AE}.Debug|x64.ActiveCfg = Debug|Win32
		{E745E25C-0143-42AC-A486-1395A4C972AE}.Debug|x86.ActiveCfg = Debug|Win32
		{E745E25C-0143-42AC-A486-1395A4C972AE}.Debug|x86.Build.0 = Debug|Win32
		{E745E25C-0143-42AC-A486-1395A4C972AE}.Release|x64.ActiveCfg = Release|Win32
		{E745E25C-0143-42AC-A486-1395A4C972AE}.Release|x86.ActiveCfg = Release|Win32
		{E745E25C-0143-42AC-A486-1395A4C972AE}.Release|x86.Build.0 = Release|Win32
		{413BF597-600A-43A8-8A82-CB60E2DCDD95}.Debug|x64.ActiveCfg = Debug|Win32
		{413BF597-600A-43A8-8A82-CB60E2DCDD95}.Debug|x86.ActiveCfg = Debug|Win32
		{413BF597-600A-43A8-8A82-CB60E2DCDD95}.Debug|x86.Build.0 = Debug|Win32
		{413BF597-600A-43A8-8A82-CB60E2DCDD95}.Release|x64.ActiveCfg = Release|Win32
		{413BF597-600A-43A8-8A82-CB60E2DCDD95}.Release|x86.ActiveCfg = Release|Win32
		{413BF597-600A-43A8-8A82-CB60E2DCDD95}.Release|x86.Build.0 = Release|Win32
	EndGlobalSection
	GlobalSection(SolutionProperties) = preSolution
		HideSolutionNode = FALSE
	EndGlobalSection
	GlobalSection(NestedProjects) = preSolution
		{E745E25C-0143-42AC-A486-1395A4C972AE} = {E081873A-3420-4007-A9C3-A7919945C153}
		{413BF597-600A-43A8-8A82-CB60E2DCDD95} = {5D1FB011-A2D8-4107-890B-BF1ACD0C0994}
	EndGlobalSection
	GlobalSection(ExtensibilityGlobals) = postSolution
		SolutionGuid = {A8A21D3D-09B0-4AFB-B895-2584CED7E57D}
	EndGlobalSection
EndGlobal
